
Microsoft Visual Studio Solution File, Format Version 12.00
# Visual Studio Version 17
VisualStudioVersion = 17.6.33829.357
MinimumVisualStudioVersion = 10.0.40219.1
Project("{FAE04EC0-301F-11D3-BF4B-00C04F79EFBC}") = "text adventure", "text adventure\text adventure.csproj", "{CF3BF86D-683B-4BC3-ABE2-927D15944A20}"
EndProject
Global
	GlobalSection(SolutionConfigurationPlatforms) = preSolution
		Debug|Any CPU = Debug|Any CPU
		Release|Any CPU = Release|Any CPU
	EndGlobalSection
	GlobalSection(ProjectConfigurationPlatforms) = postSolution
		{CF3BF86D-683B-4BC3-ABE2-927D15944A20}.Debug|Any CPU.ActiveCfg = Debug|Any CPU
		{CF3BF86D-683B-4BC3-ABE2-927D15944A20}.Debug|Any CPU.Build.0 = Debug|Any CPU
		{CF3BF86D-683B-4BC3-ABE2-927D15944A20}.Release|Any CPU.ActiveCfg = Release|Any CPU
		{CF3BF86D-683B-4BC3-ABE2-927D15944A20}.Release|Any CPU.Build.0 = Release|Any CPU
	EndGlobalSection
	GlobalSection(SolutionProperties) = preSolution
		HideSolutionNode = FALSE
	EndGlobalSection
	GlobalSection(ExtensibilityGlobals) = postSolution
		SolutionGuid = {5A9BF293-05A1-4925-83E5-5BEC79F541ED}
	EndGlobalSection
EndGlobal
